// !$*UTF8*$!
{
	archiveVersion = 1;
	classes = {
	};
	objectVersion = 77;
	objects = {

/* Begin PBXBuildFile section */
		83D5C1E12E268189004CFA22 /* iBreathe Watch App.app in Embed Watch Content */ = {isa = PBXBuildFile; fileRef = 83D5C1E02E268189004CFA22 /* iBreathe Watch App.app */; settings = {ATTRIBUTES = (RemoveHeadersOnCopy, ); }; };
/* End PBXBuildFile section */

/* Begin PBXContainerItemProxy section */
		83D5C1CB2E268189004CFA22 /* PBXContainerItemProxy */ = {
			isa = PBXContainerItemProxy;
			containerPortal = 83D5C1B52E268187004CFA22 /* Project object */;
			proxyType = 1;
			remoteGlobalIDString = 83D5C1BC2E268187004CFA22;
			remoteInfo = iBreathe;
		};
		83D5C1D52E268189004CFA22 /* PBXContainerItemProxy */ = {
			isa = PBXContainerItemProxy;
			containerPortal = 83D5C1B52E268187004CFA22 /* Project object */;
			proxyType = 1;
			remoteGlobalIDString = 83D5C1BC2E268187004CFA22;
			remoteInfo = iBreathe;
		};
		83D5C1E22E268189004CFA22 /* PBXContainerItemProxy */ = {
			isa = PBXContainerItemProxy;
			containerPortal = 83D5C1B52E268187004CFA22 /* Project object */;
			proxyType = 1;
			remoteGlobalIDString = 83D5C1DF2E268189004CFA22;
			remoteInfo = "iBreathe Watch App";
		};
		83D5C1F02E26818A004CFA22 /* PBXContainerItemProxy */ = {
			isa = PBXContainerItemProxy;
			containerPortal = 83D5C1B52E268187004CFA22 /* Project object */;
			proxyType = 1;
			remoteGlobalIDString = 83D5C1DF2E268189004CFA22;
			remoteInfo = "iBreathe Watch App";
		};
		83D5C1FA2E26818A004CFA22 /* PBXContainerItemProxy */ = {
			isa = PBXContainerItemProxy;
			containerPortal = 83D5C1B52E268187004CFA22 /* Project object */;
			proxyType = 1;
			remoteGlobalIDString = 83D5C1DF2E268189004CFA22;
			remoteInfo = "iBreathe Watch App";
		};
/* End PBXContainerItemProxy section */

/* Begin PBXCopyFilesBuildPhase section */
		83D5C2062E26818A004CFA22 /* Embed Watch Content */ = {
			isa = PBXCopyFilesBuildPhase;
			buildActionMask = 2147483647;
			dstPath = "$(CONTENTS_FOLDER_PATH)/Watch";
			dstSubfolderSpec = 16;
			files = (
				83D5C1E12E268189004CFA22 /* iBreathe Watch App.app in Embed Watch Content */,
			);
			name = "Embed Watch Content";
			runOnlyForDeploymentPostprocessing = 0;
		};
/* End PBXCopyFilesBuildPhase section */

/* Begin PBXFileReference section */
		83D5C1BD2E268187004CFA22 /* iBreathe.app */ = {isa = PBXFileReference; explicitFileType = wrapper.application; includeInIndex = 0; path = iBreathe.app; sourceTree = BUILT_PRODUCTS_DIR; };
		83D5C1CA2E268189004CFA22 /* iBreatheTests.xctest */ = {isa = PBXFileReference; explicitFileType = wrapper.cfbundle; includeInIndex = 0; path = iBreatheTests.xctest; sourceTree = BUILT_PRODUCTS_DIR; };
		83D5C1D42E268189004CFA22 /* iBreatheUITests.xctest */ = {isa = PBXFileReference; explicitFileType = wrapper.cfbundle; includeInIndex = 0; path = iBreatheUITests.xctest; sourceTree = BUILT_PRODUCTS_DIR; };
		83D5C1E02E268189004CFA22 /* iBreathe Watch App.app */ = {isa = PBXFileReference; explicitFileType = wrapper.application; includeInIndex = 0; path = "iBreathe Watch App.app"; sourceTree = BUILT_PRODUCTS_DIR; };
		83D5C1EF2E26818A004CFA22 /* iBreathe Watch AppTests.xctest */ = {isa = PBXFileReference; explicitFileType = wrapper.cfbundle; includeInIndex = 0; path = "iBreathe Watch AppTests.xctest"; sourceTree = BUILT_PRODUCTS_DIR; };
		83D5C1F92E26818A004CFA22 /* iBreathe Watch AppUITests.xctest */ = {isa = PBXFileReference; explicitFileType = wrapper.cfbundle; includeInIndex = 0; path = "iBreathe Watch AppUITests.xctest"; sourceTree = BUILT_PRODUCTS_DIR; };
/* End PBXFileReference section */

/* Begin PBXFileSystemSynchronizedBuildFileExceptionSet section */
		83D5C2182E2683B8004CFA22 /* Exceptions for "iBreathe" folder in "iBreathe" target */ = {
			isa = PBXFileSystemSynchronizedBuildFileExceptionSet;
			membershipExceptions = (
				Info.plist,
			);
			target = 83D5C1BC2E268187004CFA22 /* iBreathe */;
		};
		83D5C21F2E26859E004CFA22 /* Exceptions for "iBreathe Watch App" folder in "iBreathe Watch App" target */ = {
			isa = PBXFileSystemSynchronizedBuildFileExceptionSet;
			membershipExceptions = (
				"iBreathe-Watch-App-Info.plist",
			);
			target = 83D5C1DF2E268189004CFA22 /* iBreathe Watch App */;
		};
/* End PBXFileSystemSynchronizedBuildFileExceptionSet section */

/* Begin PBXFileSystemSynchronizedRootGroup section */
		83D5C1BF2E268187004CFA22 /* iBreathe */ = {
			isa = PBXFileSystemSynchronizedRootGroup;
			exceptions = (
				83D5C2182E2683B8004CFA22 /* Exceptions for "iBreathe" folder in "iBreathe" target */,
			);
			path = iBreathe;
			sourceTree = "<group>";
		};
		83D5C1CD2E268189004CFA22 /* iBreatheTests */ = {
			isa = PBXFileSystemSynchronizedRootGroup;
			path = iBreatheTests;
			sourceTree = "<group>";
		};
		83D5C1D72E268189004CFA22 /* iBreatheUITests */ = {
			isa = PBXFileSystemSynchronizedRootGroup;
			path = iBreatheUITests;
			sourceTree = "<group>";
		};
		83D5C1E42E268189004CFA22 /* iBreathe Watch App */ = {
			isa = PBXFileSystemSynchronizedRootGroup;
			exceptions = (
				83D5C21F2E26859E004CFA22 /* Exceptions for "iBreathe Watch App" folder in "iBreathe Watch App" target */,
			);
			path = "iBreathe Watch App";
			sourceTree = "<group>";
		};
		83D5C1F22E26818A004CFA22 /* iBreathe Watch AppTests */ = {
			isa = PBXFileSystemSynchronizedRootGroup;
			path = "iBreathe Watch AppTests";
			sourceTree = "<group>";
		};
		83D5C1FC2E26818A004CFA22 /* iBreathe Watch AppUITests */ = {
			isa = PBXFileSystemSynchronizedRootGroup;
			path = "iBreathe Watch AppUITests";
			sourceTree = "<group>";
		};
/* End PBXFileSystemSynchronizedRootGroup section */

/* Begin PBXFrameworksBuildPhase section */
		83D5C1BA2E268187004CFA22 /* Frameworks */ = {
			isa = PBXFrameworksBuildPhase;
			buildActionMask = 2147483647;
			files = (
			);
			runOnlyForDeploymentPostprocessing = 0;
		};
		83D5C1C72E268189004CFA22 /* Frameworks */ = {
			isa = PBXFrameworksBuildPhase;
			buildActionMask = 2147483647;
			files = (
			);
			runOnlyForDeploymentPostprocessing = 0;
		};
		83D5C1D12E268189004CFA22 /* Frameworks */ = {
			isa = PBXFrameworksBuildPhase;
			buildActionMask = 2147483647;
			files = (
			);
			runOnlyForDeploymentPostprocessing = 0;
		};
		83D5C1DD2E268189004CFA22 /* Frameworks */ = {
			isa = PBXFrameworksBuildPhase;
			buildActionMask = 2147483647;
			files = (
			);
			runOnlyForDeploymentPostprocessing = 0;
		};
		83D5C1EC2E26818A004CFA22 /* Frameworks */ = {
			isa = PBXFrameworksBuildPhase;
			buildActionMask = 2147483647;
			files = (
			);
			runOnlyForDeploymentPostprocessing = 0;
		};
		83D5C1F62E26818A004CFA22 /* Frameworks */ = {
			isa = PBXFrameworksBuildPhase;
			buildActionMask = 2147483647;
			files = (
			);
			runOnlyForDeploymentPostprocessing = 0;
		};
/* End PBXFrameworksBuildPhase section */

/* Begin PBXGroup section */
		83D5C1B42E268187004CFA22 = {
			isa = PBXGroup;
			children = (
				83D5C1BF2E268187004CFA22 /* iBreathe */,
				83D5C1CD2E268189004CFA22 /* iBreatheTests */,
				83D5C1D72E268189004CFA22 /* iBreatheUITests */,
				83D5C1E42E268189004CFA22 /* iBreathe Watch App */,
				83D5C1F22E26818A004CFA22 /* iBreathe Watch AppTests */,
				83D5C1FC2E26818A004CFA22 /* iBreathe Watch AppUITests */,
				83D5C1BE2E268187004CFA22 /* Products */,
			);
			sourceTree = "<group>";
		};
		83D5C1BE2E268187004CFA22 /* Products */ = {
			isa = PBXGroup;
			children = (
				83D5C1BD2E268187004CFA22 /* iBreathe.app */,
				83D5C1CA2E268189004CFA22 /* iBreatheTests.xctest */,
				83D5C1D42E268189004CFA22 /* iBreatheUITests.xctest */,
				83D5C1E02E268189004CFA22 /* iBreathe Watch App.app */,
				83D5C1EF2E26818A004CFA22 /* iBreathe Watch AppTests.xctest */,
				83D5C1F92E26818A004CFA22 /* iBreathe Watch AppUITests.xctest */,
			);
			name = Products;
			sourceTree = "<group>";
		};
/* End PBXGroup section */

/* Begin PBXNativeTarget section */
		83D5C1BC2E268187004CFA22 /* iBreathe */ = {
			isa = PBXNativeTarget;
			buildConfigurationList = 83D5C2072E26818A004CFA22 /* Build configuration list for PBXNativeTarget "iBreathe" */;
			buildPhases = (
				83D5C1B92E268187004CFA22 /* Sources */,
				83D5C1BA2E268187004CFA22 /* Frameworks */,
				83D5C1BB2E268187004CFA22 /* Resources */,
				83D5C2062E26818A004CFA22 /* Embed Watch Content */,
			);
			buildRules = (
			);
			dependencies = (
				83D5C1E32E268189004CFA22 /* PBXTargetDependency */,
			);
			fileSystemSynchronizedGroups = (
				83D5C1BF2E268187004CFA22 /* iBreathe */,
			);
			name = iBreathe;
			packageProductDependencies = (
			);
			productName = iBreathe;
			productReference = 83D5C1BD2E268187004CFA22 /* iBreathe.app */;
			productType = "com.apple.product-type.application";
		};
		83D5C1C92E268189004CFA22 /* iBreatheTests */ = {
			isa = PBXNativeTarget;
			buildConfigurationList = 83D5C20A2E26818A004CFA22 /* Build configuration list for PBXNativeTarget "iBreatheTests" */;
			buildPhases = (
				83D5C1C62E268189004CFA22 /* Sources */,
				83D5C1C72E268189004CFA22 /* Frameworks */,
				83D5C1C82E268189004CFA22 /* Resources */,
			);
			buildRules = (
			);
			dependencies = (
				83D5C1CC2E268189004CFA22 /* PBXTargetDependency */,
			);
			fileSystemSynchronizedGroups = (
				83D5C1CD2E268189004CFA22 /* iBreatheTests */,
			);
			name = iBreatheTests;
			packageProductDependencies = (
			);
			productName = iBreatheTests;
			productReference = 83D5C1CA2E268189004CFA22 /* iBreatheTests.xctest */;
			productType = "com.apple.product-type.bundle.unit-test";
		};
		83D5C1D32E268189004CFA22 /* iBreatheUITests */ = {
			isa = PBXNativeTarget;
			buildConfigurationList = 83D5C20D2E26818A004CFA22 /* Build configuration list for PBXNativeTarget "iBreatheUITests" */;
			buildPhases = (
				83D5C1D02E268189004CFA22 /* Sources */,
				83D5C1D12E268189004CFA22 /* Frameworks */,
				83D5C1D22E268189004CFA22 /* Resources */,
			);
			buildRules = (
			);
			dependencies = (
				83D5C1D62E268189004CFA22 /* PBXTargetDependency */,
			);
			fileSystemSynchronizedGroups = (
				83D5C1D72E268189004CFA22 /* iBreatheUITests */,
			);
			name = iBreatheUITests;
			packageProductDependencies = (
			);
			productName = iBreatheUITests;
			productReference = 83D5C1D42E268189004CFA22 /* iBreatheUITests.xctest */;
			productType = "com.apple.product-type.bundle.ui-testing";
		};
		83D5C1DF2E268189004CFA22 /* iBreathe Watch App */ = {
			isa = PBXNativeTarget;
			buildConfigurationList = 83D5C2032E26818A004CFA22 /* Build configuration list for PBXNativeTarget "iBreathe Watch App" */;
			buildPhases = (
				83D5C1DC2E268189004CFA22 /* Sources */,
				83D5C1DD2E268189004CFA22 /* Frameworks */,
				83D5C1DE2E268189004CFA22 /* Resources */,
			);
			buildRules = (
			);
			dependencies = (
			);
			fileSystemSynchronizedGroups = (
				83D5C1E42E268189004CFA22 /* iBreathe Watch App */,
			);
			name = "iBreathe Watch App";
			packageProductDependencies = (
			);
			productName = "iBreathe Watch App";
			productReference = 83D5C1E02E268189004CFA22 /* iBreathe Watch App.app */;
			productType = "com.apple.product-type.application";
		};
		83D5C1EE2E26818A004CFA22 /* iBreathe Watch AppTests */ = {
			isa = PBXNativeTarget;
			buildConfigurationList = 83D5C2102E26818A004CFA22 /* Build configuration list for PBXNativeTarget "iBreathe Watch AppTests" */;
			buildPhases = (
				83D5C1EB2E26818A004CFA22 /* Sources */,
				83D5C1EC2E26818A004CFA22 /* Frameworks */,
				83D5C1ED2E26818A004CFA22 /* Resources */,
			);
			buildRules = (
			);
			dependencies = (
				83D5C1F12E26818A004CFA22 /* PBXTargetDependency */,
			);
			fileSystemSynchronizedGroups = (
				83D5C1F22E26818A004CFA22 /* iBreathe Watch AppTests */,
			);
			name = "iBreathe Watch AppTests";
			packageProductDependencies = (
			);
			productName = "iBreathe Watch AppTests";
			productReference = 83D5C1EF2E26818A004CFA22 /* iBreathe Watch AppTests.xctest */;
			productType = "com.apple.product-type.bundle.unit-test";
		};
		83D5C1F82E26818A004CFA22 /* iBreathe Watch AppUITests */ = {
			isa = PBXNativeTarget;
			buildConfigurationList = 83D5C2132E26818A004CFA22 /* Build configuration list for PBXNativeTarget "iBreathe Watch AppUITests" */;
			buildPhases = (
				83D5C1F52E26818A004CFA22 /* Sources */,
				83D5C1F62E26818A004CFA22 /* Frameworks */,
				83D5C1F72E26818A004CFA22 /* Resources */,
			);
			buildRules = (
			);
			dependencies = (
				83D5C1FB2E26818A004CFA22 /* PBXTargetDependency */,
			);
			fileSystemSynchronizedGroups = (
				83D5C1FC2E26818A004CFA22 /* iBreathe Watch AppUITests */,
			);
			name = "iBreathe Watch AppUITests";
			packageProductDependencies = (
			);
			productName = "iBreathe Watch AppUITests";
			productReference = 83D5C1F92E26818A004CFA22 /* iBreathe Watch AppUITests.xctest */;
			productType = "com.apple.product-type.bundle.ui-testing";
		};
/* End PBXNativeTarget section */

/* Begin PBXProject section */
		83D5C1B52E268187004CFA22 /* Project object */ = {
			isa = PBXProject;
			attributes = {
				BuildIndependentTargetsInParallel = 1;
				LastSwiftUpdateCheck = 1640;
				LastUpgradeCheck = 1640;
				TargetAttributes = {
					83D5C1BC2E268187004CFA22 = {
						CreatedOnToolsVersion = 16.4;
					};
					83D5C1C92E268189004CFA22 = {
						CreatedOnToolsVersion = 16.4;
						TestTargetID = 83D5C1BC2E268187004CFA22;
					};
					83D5C1D32E268189004CFA22 = {
						CreatedOnToolsVersion = 16.4;
						TestTargetID = 83D5C1BC2E268187004CFA22;
					};
					83D5C1DF2E268189004CFA22 = {
						CreatedOnToolsVersion = 16.4;
					};
					83D5C1EE2E26818A004CFA22 = {
						CreatedOnToolsVersion = 16.4;
						TestTargetID = 83D5C1DF2E268189004CFA22;
					};
					83D5C1F82E26818A004CFA22 = {
						CreatedOnToolsVersion = 16.4;
						TestTargetID = 83D5C1DF2E268189004CFA22;
					};
				};
			};
			buildConfigurationList = 83D5C1B82E268187004CFA22 /* Build configuration list for PBXProject "iBreathe" */;
			developmentRegion = en;
			hasScannedForEncodings = 0;
			knownRegions = (
				en,
				Base,
			);
			mainGroup = 83D5C1B42E268187004CFA22;
			minimizedProjectReferenceProxies = 1;
			preferredProjectObjectVersion = 77;
			productRefGroup = 83D5C1BE2E268187004CFA22 /* Products */;
			projectDirPath = "";
			projectRoot = "";
			targets = (
				83D5C1BC2E268187004CFA22 /* iBreathe */,
				83D5C1C92E268189004CFA22 /* iBreatheTests */,
				83D5C1D32E268189004CFA22 /* iBreatheUITests */,
				83D5C1DF2E268189004CFA22 /* iBreathe Watch App */,
				83D5C1EE2E26818A004CFA22 /* iBreathe Watch AppTests */,
				83D5C1F82E26818A004CFA22 /* iBreathe Watch AppUITests */,
			);
		};
/* End PBXProject section */

/* Begin PBXResourcesBuildPhase section */
		83D5C1BB2E268187004CFA22 /* Resources */ = {
			isa = PBXResourcesBuildPhase;
			buildActionMask = 2147483647;
			files = (
			);
			runOnlyForDeploymentPostprocessing = 0;
		};
		83D5C1C82E268189004CFA22 /* Resources */ = {
			isa = PBXResourcesBuildPhase;
			buildActionMask = 2147483647;
			files = (
			);
			runOnlyForDeploymentPostprocessing = 0;
		};
		83D5C1D22E268189004CFA22 /* Resources */ = {
			isa = PBXResourcesBuildPhase;
			buildActionMask = 2147483647;
			files = (
			);
			runOnlyForDeploymentPostprocessing = 0;
		};
		83D5C1DE2E268189004CFA22 /* Resources */ = {
			isa = PBXResourcesBuildPhase;
			buildActionMask = 2147483647;
			files = (
			);
			runOnlyForDeploymentPostprocessing = 0;
		};
		83D5C1ED2E26818A004CFA22 /* Resources */ = {
			isa = PBXResourcesBuildPhase;
			buildActionMask = 2147483647;
			files = (
			);
			runOnlyForDeploymentPostprocessing = 0;
		};
		83D5C1F72E26818A004CFA22 /* Resources */ = {
			isa = PBXResourcesBuildPhase;
			buildActionMask = 2147483647;
			files = (
			);
			runOnlyForDeploymentPostprocessing = 0;
		};
/* End PBXResourcesBuildPhase section */

/* Begin PBXSourcesBuildPhase section */
		83D5C1B92E268187004CFA22 /* Sources */ = {
			isa = PBXSourcesBuildPhase;
			buildActionMask = 2147483647;
			files = (
			);
			runOnlyForDeploymentPostprocessing = 0;
		};
		83D5C1C62E268189004CFA22 /* Sources */ = {
			isa = PBXSourcesBuildPhase;
			buildActionMask = 2147483647;
			files = (
			);
			runOnlyForDeploymentPostprocessing = 0;
		};
		83D5C1D02E268189004CFA22 /* Sources */ = {
			isa = PBXSourcesBuildPhase;
			buildActionMask = 2147483647;
			files = (
			);
			runOnlyForDeploymentPostprocessing = 0;
		};
		83D5C1DC2E268189004CFA22 /* Sources */ = {
			isa = PBXSourcesBuildPhase;
			buildActionMask = 2147483647;
			files = (
			);
			runOnlyForDeploymentPostprocessing = 0;
		};
		83D5C1EB2E26818A004CFA22 /* Sources */ = {
			isa = PBXSourcesBuildPhase;
			buildActionMask = 2147483647;
			files = (
			);
			runOnlyForDeploymentPostprocessing = 0;
		};
		83D5C1F52E26818A004CFA22 /* Sources */ = {
			isa = PBXSourcesBuildPhase;
			buildActionMask = 2147483647;
			files = (
			);
			runOnlyForDeploymentPostprocessing = 0;
		};
/* End PBXSourcesBuildPhase section */

/* Begin PBXTargetDependency section */
		83D5C1CC2E268189004CFA22 /* PBXTargetDependency */ = {
			isa = PBXTargetDependency;
			target = 83D5C1BC2E268187004CFA22 /* iBreathe */;
			targetProxy = 83D5C1CB2E268189004CFA22 /* PBXContainerItemProxy */;
		};
		83D5C1D62E268189004CFA22 /* PBXTargetDependency */ = {
			isa = PBXTargetDependency;
			target = 83D5C1BC2E268187004CFA22 /* iBreathe */;
			targetProxy = 83D5C1D52E268189004CFA22 /* PBXContainerItemProxy */;
		};
		83D5C1E32E268189004CFA22 /* PBXTargetDependency */ = {
			isa = PBXTargetDependency;
			target = 83D5C1DF2E268189004CFA22 /* iBreathe Watch App */;
			targetProxy = 83D5C1E22E268189004CFA22 /* PBXContainerItemProxy */;
		};
		83D5C1F12E26818A004CFA22 /* PBXTargetDependency */ = {
			isa = PBXTargetDependency;
			target = 83D5C1DF2E268189004CFA22 /* iBreathe Watch App */;
			targetProxy = 83D5C1F02E26818A004CFA22 /* PBXContainerItemProxy */;
		};
		83D5C1FB2E26818A004CFA22 /* PBXTargetDependency */ = {
			isa = PBXTargetDependency;
			target = 83D5C1DF2E268189004CFA22 /* iBreathe Watch App */;
			targetProxy = 83D5C1FA2E26818A004CFA22 /* PBXContainerItemProxy */;
		};
/* End PBXTargetDependency section */

/* Begin XCBuildConfiguration section */
		83D5C2012E26818A004CFA22 /* Debug */ = {
			isa = XCBuildConfiguration;
			buildSettings = {
				ALWAYS_SEARCH_USER_PATHS = NO;
				ASSETCATALOG_COMPILER_GENERATE_SWIFT_ASSET_SYMBOL_EXTENSIONS = YES;
				CLANG_ANALYZER_NONNULL = YES;
				CLANG_ANALYZER_NUMBER_OBJECT_CONVERSION = YES_AGGRESSIVE;
				CLANG_CXX_LANGUAGE_STANDARD = "gnu++20";
				CLANG_ENABLE_MODULES = YES;
				CLANG_ENABLE_OBJC_ARC = YES;
				CLANG_ENABLE_OBJC_WEAK = YES;
				CLANG_WARN_BLOCK_CAPTURE_AUTORELEASING = YES;
				CLANG_WARN_BOOL_CONVERSION = YES;
				CLANG_WARN_COMMA = YES;
				CLANG_WARN_CONSTANT_CONVERSION = YES;
				CLANG_WARN_DEPRECATED_OBJC_IMPLEMENTATIONS = YES;
				CLANG_WARN_DIRECT_OBJC_ISA_USAGE = YES_ERROR;
				CLANG_WARN_DOCUMENTATION_COMMENTS = YES;
				CLANG_WARN_EMPTY_BODY = YES;
				CLANG_WARN_ENUM_CONVERSION = YES;
				CLANG_WARN_INFINITE_RECURSION = YES;
				CLANG_WARN_INT_CONVERSION = YES;
				CLANG_WARN_NON_LITERAL_NULL_CONVERSION = YES;
				CLANG_WARN_OBJC_IMPLICIT_RETAIN_SELF = YES;
				CLANG_WARN_OBJC_LITERAL_CONVERSION = YES;
				CLANG_WARN_OBJC_ROOT_CLASS = YES_ERROR;
				CLANG_WARN_QUOTED_INCLUDE_IN_FRAMEWORK_HEADER = YES;
				CLANG_WARN_RANGE_LOOP_ANALYSIS = YES;
				CLANG_WARN_STRICT_PROTOTYPES = YES;
				CLANG_WARN_SUSPICIOUS_MOVE = YES;
				CLANG_WARN_UNGUARDED_AVAILABILITY = YES_AGGRESSIVE;
				CLANG_WARN_UNREACHABLE_CODE = YES;
				CLANG_WARN__DUPLICATE_METHOD_MATCH = YES;
				COPY_PHASE_STRIP = NO;
				DEBUG_INFORMATION_FORMAT = dwarf;
				ENABLE_STRICT_OBJC_MSGSEND = YES;
				ENABLE_TESTABILITY = YES;
				ENABLE_USER_SCRIPT_SANDBOXING = YES;
				GCC_C_LANGUAGE_STANDARD = gnu17;
				GCC_DYNAMIC_NO_PIC = NO;
				GCC_NO_COMMON_BLOCKS = YES;
				GCC_OPTIMIZATION_LEVEL = 0;
				GCC_PREPROCESSOR_DEFINITIONS = (
					"DEBUG=1",
					"$(inherited)",
				);
				GCC_WARN_64_TO_32_BIT_CONVERSION = YES;
				GCC_WARN_ABOUT_RETURN_TYPE = YES_ERROR;
				GCC_WARN_UNDECLARED_SELECTOR = YES;
				GCC_WARN_UNINITIALIZED_AUTOS = YES_AGGRESSIVE;
				GCC_WARN_UNUSED_FUNCTION = YES;
				GCC_WARN_UNUSED_VARIABLE = YES;
				LOCALIZATION_PREFERS_STRING_CATALOGS = YES;
				MTL_ENABLE_DEBUG_INFO = INCLUDE_SOURCE;
				MTL_FAST_MATH = YES;
				ONLY_ACTIVE_ARCH = YES;
				SWIFT_ACTIVE_COMPILATION_CONDITIONS = "DEBUG $(inherited)";
				SWIFT_OPTIMIZATION_LEVEL = "-Onone";
			};
			name = Debug;
		};
		83D5C2022E26818A004CFA22 /* Release */ = {
			isa = XCBuildConfiguration;
			buildSettings = {
				ALWAYS_SEARCH_USER_PATHS = NO;
				ASSETCATALOG_COMPILER_GENERATE_SWIFT_ASSET_SYMBOL_EXTENSIONS = YES;
				CLANG_ANALYZER_NONNULL = YES;
				CLANG_ANALYZER_NUMBER_OBJECT_CONVERSION = YES_AGGRESSIVE;
				CLANG_CXX_LANGUAGE_STANDARD = "gnu++20";
				CLANG_ENABLE_MODULES = YES;
				CLANG_ENABLE_OBJC_ARC = YES;
				CLANG_ENABLE_OBJC_WEAK = YES;
				CLANG_WARN_BLOCK_CAPTURE_AUTORELEASING = YES;
				CLANG_WARN_BOOL_CONVERSION = YES;
				CLANG_WARN_COMMA = YES;
				CLANG_WARN_CONSTANT_CONVERSION = YES;
				CLANG_WARN_DEPRECATED_OBJC_IMPLEMENTATIONS = YES;
				CLANG_WARN_DIRECT_OBJC_ISA_USAGE = YES_ERROR;
				CLANG_WARN_DOCUMENTATION_COMMENTS = YES;
				CLANG_WARN_EMPTY_BODY = YES;
				CLANG_WARN_ENUM_CONVERSION = YES;
				CLANG_WARN_INFINITE_RECURSION = YES;
				CLANG_WARN_INT_CONVERSION = YES;
				CLANG_WARN_NON_LITERAL_NULL_CONVERSION = YES;
				CLANG_WARN_OBJC_IMPLICIT_RETAIN_SELF = YES;
				CLANG_WARN_OBJC_LITERAL_CONVERSION = YES;
				CLANG_WARN_OBJC_ROOT_CLASS = YES_ERROR;
				CLANG_WARN_QUOTED_INCLUDE_IN_FRAMEWORK_HEADER = YES;
				CLANG_WARN_RANGE_LOOP_ANALYSIS = YES;
				CLANG_WARN_STRICT_PROTOTYPES = YES;
				CLANG_WARN_SUSPICIOUS_MOVE = YES;
				CLANG_WARN_UNGUARDED_AVAILABILITY = YES_AGGRESSIVE;
				CLANG_WARN_UNREACHABLE_CODE = YES;
				CLANG_WARN__DUPLICATE_METHOD_MATCH = YES;
				COPY_PHASE_STRIP = NO;
				DEBUG_INFORMATION_FORMAT = "dwarf-with-dsym";
				ENABLE_NS_ASSERTIONS = NO;
				ENABLE_STRICT_OBJC_MSGSEND = YES;
				ENABLE_USER_SCRIPT_SANDBOXING = YES;
				GCC_C_LANGUAGE_STANDARD = gnu17;
				GCC_NO_COMMON_BLOCKS = YES;
				GCC_WARN_64_TO_32_BIT_CONVERSION = YES;
				GCC_WARN_ABOUT_RETURN_TYPE = YES_ERROR;
				GCC_WARN_UNDECLARED_SELECTOR = YES;
				GCC_WARN_UNINITIALIZED_AUTOS = YES_AGGRESSIVE;
				GCC_WARN_UNUSED_FUNCTION = YES;
				GCC_WARN_UNUSED_VARIABLE = YES;
				LOCALIZATION_PREFERS_STRING_CATALOGS = YES;
				MTL_ENABLE_DEBUG_INFO = NO;
				MTL_FAST_MATH = YES;
				SWIFT_COMPILATION_MODE = wholemodule;
			};
			name = Release;
		};
		83D5C2042E26818A004CFA22 /* Debug */ = {
			isa = XCBuildConfiguration;
			buildSettings = {
				ASSETCATALOG_COMPILER_APPICON_NAME = AppIcon;
				ASSETCATALOG_COMPILER_GLOBAL_ACCENT_COLOR_NAME = AccentColor;
				CODE_SIGN_ENTITLEMENTS = "iBreathe Watch App/iBreathe Watch App.entitlements";
				CODE_SIGN_STYLE = Automatic;
				CURRENT_PROJECT_VERSION = 1;
				DEVELOPMENT_TEAM = A9ZH6NAEVG;
				ENABLE_PREVIEWS = YES;
				GENERATE_INFOPLIST_FILE = YES;
				INFOPLIST_FILE = "iBreathe-Watch-App-Info.plist";
				INFOPLIST_KEY_CFBundleDisplayName = iBreathe;
				INFOPLIST_KEY_UISupportedInterfaceOrientations = "UIInterfaceOrientationPortrait UIInterfaceOrientationPortraitUpsideDown";
				INFOPLIST_KEY_WKCompanionAppBundleIdentifier = code.anurag.ai.iBreathe;
				LD_RUNPATH_SEARCH_PATHS = (
					"$(inherited)",
					"@executable_path/Frameworks",
				);
				MARKETING_VERSION = 1.0;
				PRODUCT_BUNDLE_IDENTIFIER = code.anurag.ai.iBreathe.watchkitapp;
				PRODUCT_NAME = "$(TARGET_NAME)";
				SDKROOT = watchos;
				SKIP_INSTALL = YES;
				SWIFT_EMIT_LOC_STRINGS = YES;
				SWIFT_VERSION = 5.0;
				TARGETED_DEVICE_FAMILY = 4;
				WATCHOS_DEPLOYMENT_TARGET = 11.5;
			};
			name = Debug;
		};
		83D5C2052E26818A004CFA22 /* Release */ = {
			isa = XCBuildConfiguration;
			buildSettings = {
				ASSETCATALOG_COMPILER_APPICON_NAME = AppIcon;
				ASSETCATALOG_COMPILER_GLOBAL_ACCENT_COLOR_NAME = AccentColor;
				CODE_SIGN_ENTITLEMENTS = "iBreathe Watch App/iBreathe Watch App.entitlements";
				CODE_SIGN_STYLE = Automatic;
				CURRENT_PROJECT_VERSION = 1;
				DEVELOPMENT_TEAM = A9ZH6NAEVG;
				ENABLE_PREVIEWS = YES;
				GENERATE_INFOPLIST_FILE = YES;
				INFOPLIST_FILE = "iBreathe-Watch-App-Info.plist";
				INFOPLIST_KEY_CFBundleDisplayName = iBreathe;
				INFOPLIST_KEY_UISupportedInterfaceOrientations = "UIInterfaceOrientationPortrait UIInterfaceOrientationPortraitUpsideDown";
				INFOPLIST_KEY_WKCompanionAppBundleIdentifier = code.anurag.ai.iBreathe;
				LD_RUNPATH_SEARCH_PATHS = (
					"$(inherited)",
					"@executable_path/Frameworks",
				);
				MARKETING_VERSION = 1.0;
				PRODUCT_BUNDLE_IDENTIFIER = code.anurag.ai.iBreathe.watchkitapp;
				PRODUCT_NAME = "$(TARGET_NAME)";
				SDKROOT = watchos;
				SKIP_INSTALL = YES;
				SWIFT_EMIT_LOC_STRINGS = YES;
				SWIFT_VERSION = 5.0;
				TARGETED_DEVICE_FAMILY = 4;
				VALIDATE_PRODUCT = YES;
				WATCHOS_DEPLOYMENT_TARGET = 11.5;
			};
			name = Release;
		};
		83D5C2082E26818A004CFA22 /* Debug */ = {
			isa = XCBuildConfiguration;
			buildSettings = {
				ASSETCATALOG_COMPILER_APPICON_NAME = AppIcon;
				ASSETCATALOG_COMPILER_GLOBAL_ACCENT_COLOR_NAME = AccentColor;
				CODE_SIGN_ENTITLEMENTS = iBreathe/iBreathe.entitlements;
				CODE_SIGN_IDENTITY = "Apple Development";
				CODE_SIGN_STYLE = Automatic;
				CURRENT_PROJECT_VERSION = 1;
				DEVELOPMENT_TEAM = A9ZH6NAEVG;
				ENABLE_PREVIEWS = YES;
				GENERATE_INFOPLIST_FILE = YES;
				INFOPLIST_FILE = iBreathe/Info.plist;
				INFOPLIST_KEY_CFBundleDisplayName = iBreathe;
				INFOPLIST_KEY_UIApplicationSceneManifest_Generation = YES;
				INFOPLIST_KEY_UIApplicationSupportsIndirectInputEvents = YES;
				INFOPLIST_KEY_UILaunchScreen_Generation = YES;
				INFOPLIST_KEY_UISupportedInterfaceOrientations_iPad = "UIInterfaceOrientationPortrait UIInterfaceOrientationPortraitUpsideDown UIInterfaceOrientationLandscapeLeft UIInterfaceOrientationLandscapeRight";
				INFOPLIST_KEY_UISupportedInterfaceOrientations_iPhone = "UIInterfaceOrientationPortrait UIInterfaceOrientationLandscapeLeft UIInterfaceOrientationLandscapeRight";
				IPHONEOS_DEPLOYMENT_TARGET = 18.5;
				LD_RUNPATH_SEARCH_PATHS = (
					"$(inherited)",
					"@executable_path/Frameworks",
				);
				MARKETING_VERSION = 1.0;
				PRODUCT_BUNDLE_IDENTIFIER = code.anurag.ai.iBreathe;
				PRODUCT_NAME = "$(TARGET_NAME)";
				PROVISIONING_PROFILE_SPECIFIER = "";
				SDKROOT = iphoneos;
				SWIFT_EMIT_LOC_STRINGS = YES;
				SWIFT_VERSION = 5.0;
				TARGETED_DEVICE_FAMILY = "1,2";
			};
			name = Debug;
		};
		83D5C2092E26818A004CFA22 /* Release */ = {
			isa = XCBuildConfiguration;
			buildSettings = {
				ASSETCATALOG_COMPILER_APPICON_NAME = AppIcon;
				ASSETCATALOG_COMPILER_GLOBAL_ACCENT_COLOR_NAME = AccentColor;
				CODE_SIGN_ENTITLEMENTS = iBreathe/iBreathe.entitlements;
				CODE_SIGN_IDENTITY = "Apple Development";
				CODE_SIGN_STYLE = Automatic;
				CURRENT_PROJECT_VERSION = 1;
				DEVELOPMENT_TEAM = A9ZH6NAEVG;
				ENABLE_PREVIEWS = YES;
				GENERATE_INFOPLIST_FILE = YES;
				INFOPLIST_FILE = iBreathe/Info.plist;
				INFOPLIST_KEY_CFBundleDisplayName = iBreathe;
				INFOPLIST_KEY_UIApplicationSceneManifest_Generation = YES;
				INFOPLIST_KEY_UIApplicationSupportsIndirectInputEvents = YES;
				INFOPLIST_KEY_UILaunchScreen_Generation = YES;
				INFOPLIST_KEY_UISupportedInterfaceOrientations_iPad = "UIInterfaceOrientationPortrait UIInterfaceOrientationPortraitUpsideDown UIInterfaceOrientationLandscapeLeft UIInterfaceOrientationLandscapeRight";
				INFOPLIST_KEY_UISupportedInterfaceOrientations_iPhone = "UIInterfaceOrientationPortrait UIInterfaceOrientationLandscapeLeft UIInterfaceOrientationLandscapeRight";
				IPHONEOS_DEPLOYMENT_TARGET = 18.5;
				LD_RUNPATH_SEARCH_PATHS = (
					"$(inherited)",
					"@executable_path/Frameworks",
				);
				MARKETING_VERSION = 1.0;
				PRODUCT_BUNDLE_IDENTIFIER = code.anurag.ai.iBreathe;
				PRODUCT_NAME = "$(TARGET_NAME)";
				PROVISIONING_PROFILE_SPECIFIER = "";
				SDKROOT = iphoneos;
				SWIFT_EMIT_LOC_STRINGS = YES;
				SWIFT_VERSION = 5.0;
				TARGETED_DEVICE_FAMILY = "1,2";
				VALIDATE_PRODUCT = YES;
			};
			name = Release;
		};
		83D5C20B2E26818A004CFA22 /* Debug */ = {
			isa = XCBuildConfiguration;
			buildSettings = {
				BUNDLE_LOADER = "$(TEST_HOST)";
				CODE_SIGN_STYLE = Automatic;
				CURRENT_PROJECT_VERSION = 1;
				DEVELOPMENT_TEAM = A9ZH6NAEVG;
				GENERATE_INFOPLIST_FILE = YES;
				IPHONEOS_DEPLOYMENT_TARGET = 18.5;
				MARKETING_VERSION = 1.0;
				PRODUCT_BUNDLE_IDENTIFIER = code.anurag.ai.iBreatheTests;
				PRODUCT_NAME = "$(TARGET_NAME)";
				SDKROOT = iphoneos;
				SWIFT_EMIT_LOC_STRINGS = NO;
				SWIFT_VERSION = 5.0;
				TARGETED_DEVICE_FAMILY = "1,2";
				TEST_HOST = "$(BUILT_PRODUCTS_DIR)/iBreathe.app/$(BUNDLE_EXECUTABLE_FOLDER_PATH)/iBreathe";
			};
			name = Debug;
		};
		83D5C20C2E26818A004CFA22 /* Release */ = {
			isa = XCBuildConfiguration;
			buildSettings = {
				BUNDLE_LOADER = "$(TEST_HOST)";
				CODE_SIGN_STYLE = Automatic;
				CURRENT_PROJECT_VERSION = 1;
				DEVELOPMENT_TEAM = A9ZH6NAEVG;
				GENERATE_INFOPLIST_FILE = YES;
				IPHONEOS_DEPLOYMENT_TARGET = 18.5;
				MARKETING_VERSION = 1.0;
				PRODUCT_BUNDLE_IDENTIFIER = code.anurag.ai.iBreatheTests;
				PRODUCT_NAME = "$(TARGET_NAME)";
				SDKROOT = iphoneos;
				SWIFT_EMIT_LOC_STRINGS = NO;
				SWIFT_VERSION = 5.0;
				TARGETED_DEVICE_FAMILY = "1,2";
				TEST_HOST = "$(BUILT_PRODUCTS_DIR)/iBreathe.app/$(BUNDLE_EXECUTABLE_FOLDER_PATH)/iBreathe";
				VALIDATE_PRODUCT = YES;
			};
			name = Release;
		};
		83D5C20E2E26818A004CFA22 /* Debug */ = {
			isa = XCBuildConfiguration;
			buildSettings = {
				CODE_SIGN_STYLE = Automatic;
				CURRENT_PROJECT_VERSION = 1;
				GENERATE_INFOPLIST_FILE = YES;
				IPHONEOS_DEPLOYMENT_TARGET = 18.5;
				MARKETING_VERSION = 1.0;
				PRODUCT_BUNDLE_IDENTIFIER = code.anurag.ai.iBreatheUITests;
				PRODUCT_NAME = "$(TARGET_NAME)";
				SDKROOT = iphoneos;
				SWIFT_EMIT_LOC_STRINGS = NO;
				SWIFT_VERSION = 5.0;
				TARGETED_DEVICE_FAMILY = "1,2";
				TEST_TARGET_NAME = iBreathe;
			};
			name = Debug;
		};
		83D5C20F2E26818A004CFA22 /* Release */ = {
			isa = XCBuildConfiguration;
			buildSettings = {
				CODE_SIGN_STYLE = Automatic;
				CURRENT_PROJECT_VERSION = 1;
				GENERATE_INFOPLIST_FILE = YES;
				IPHONEOS_DEPLOYMENT_TARGET = 18.5;
				MARKETING_VERSION = 1.0;
				PRODUCT_BUNDLE_IDENTIFIER = code.anurag.ai.iBreatheUITests;
				PRODUCT_NAME = "$(TARGET_NAME)";
				SDKROOT = iphoneos;
				SWIFT_EMIT_LOC_STRINGS = NO;
				SWIFT_VERSION = 5.0;
				TARGETED_DEVICE_FAMILY = "1,2";
				TEST_TARGET_NAME = iBreathe;
				VALIDATE_PRODUCT = YES;
			};
			name = Release;
		};
		83D5C2112E26818A004CFA22 /* Debug */ = {
			isa = XCBuildConfiguration;
			buildSettings = {
				BUNDLE_LOADER = "$(TEST_HOST)";
				CODE_SIGN_STYLE = Automatic;
				CURRENT_PROJECT_VERSION = 1;
				GENERATE_INFOPLIST_FILE = YES;
				MARKETING_VERSION = 1.0;
				PRODUCT_BUNDLE_IDENTIFIER = "code.anurag.ai.iBreathe-Watch-AppTests";
				PRODUCT_NAME = "$(TARGET_NAME)";
				SDKROOT = watchos;
				SWIFT_EMIT_LOC_STRINGS = NO;
				SWIFT_VERSION = 5.0;
				TARGETED_DEVICE_FAMILY = 4;
				TEST_HOST = "$(BUILT_PRODUCTS_DIR)/iBreathe Watch App.app/$(BUNDLE_EXECUTABLE_FOLDER_PATH)/iBreathe Watch App";
				WATCHOS_DEPLOYMENT_TARGET = 11.5;
			};
			name = Debug;
		};
		83D5C2122E26818A004CFA22 /* Release */ = {
			isa = XCBuildConfiguration;
			buildSettings = {
				BUNDLE_LOADER = "$(TEST_HOST)";
				CODE_SIGN_STYLE = Automatic;
				CURRENT_PROJECT_VERSION = 1;
				GENERATE_INFOPLIST_FILE = YES;
				MARKETING_VERSION = 1.0;
				PRODUCT_BUNDLE_IDENTIFIER = "code.anurag.ai.iBreathe-Watch-AppTests";
				PRODUCT_NAME = "$(TARGET_NAME)";
				SDKROOT = watchos;
				SWIFT_EMIT_LOC_STRINGS = NO;
				SWIFT_VERSION = 5.0;
				TARGETED_DEVICE_FAMILY = 4;
				TEST_HOST = "$(BUILT_PRODUCTS_DIR)/iBreathe Watch App.app/$(BUNDLE_EXECUTABLE_FOLDER_PATH)/iBreathe Watch App";
				VALIDATE_PRODUCT = YES;
				WATCHOS_DEPLOYMENT_TARGET = 11.5;
			};
			name = Release;
		};
		83D5C2142E26818A004CFA22 /* Debug */ = {
			isa = XCBuildConfiguration;
			buildSettings = {
				CODE_SIGN_STYLE = Automatic;
				CURRENT_PROJECT_VERSION = 1;
				GENERATE_INFOPLIST_FILE = YES;
				MARKETING_VERSION = 1.0;
				PRODUCT_BUNDLE_IDENTIFIER = "code.anurag.ai.iBreathe-Watch-AppUITests";
				PRODUCT_NAME = "$(TARGET_NAME)";
				SDKROOT = watchos;
				SWIFT_EMIT_LOC_STRINGS = NO;
				SWIFT_VERSION = 5.0;
				TARGETED_DEVICE_FAMILY = 4;
				TEST_TARGET_NAME = "iBreathe Watch App";
				WATCHOS_DEPLOYMENT_TARGET = 11.5;
			};
			name = Debug;
		};
		83D5C2152E26818A004CFA22 /* Release */ = {
			isa = XCBuildConfiguration;
			buildSettings = {
				CODE_SIGN_STYLE = Automatic;
				CURRENT_PROJECT_VERSION = 1;
				GENERATE_INFOPLIST_FILE = YES;
				MARKETING_VERSION = 1.0;
				PRODUCT_BUNDLE_IDENTIFIER = "code.anurag.ai.iBreathe-Watch-AppUITests";
				PRODUCT_NAME = "$(TARGET_NAME)";
				SDKROOT = watchos;
				SWIFT_EMIT_LOC_STRINGS = NO;
				SWIFT_VERSION = 5.0;
				TARGETED_DEVICE_FAMILY = 4;
				TEST_TARGET_NAME = "iBreathe Watch App";
				VALIDATE_PRODUCT = YES;
				WATCHOS_DEPLOYMENT_TARGET = 11.5;
			};
			name = Release;
		};
/* End XCBuildConfiguration section */

/* Begin XCConfigurationList section */
		83D5C1B82E268187004CFA22 /* Build configuration list for PBXProject "iBreathe" */ = {
			isa = XCConfigurationList;
			buildConfigurations = (
				83D5C2012E26818A004CFA22 /* Debug */,
				83D5C2022E26818A004CFA22 /* Release */,
			);
			defaultConfigurationIsVisible = 0;
			defaultConfigurationName = Release;
		};
		83D5C2032E26818A004CFA22 /* Build configuration list for PBXNativeTarget "iBreathe Watch App" */ = {
			isa = XCConfigurationList;
			buildConfigurations = (
				83D5C2042E26818A004CFA22 /* Debug */,
				83D5C2052E26818A004CFA22 /* Release */,
			);
			defaultConfigurationIsVisible = 0;
			defaultConfigurationName = Release;
		};
		83D5C2072E26818A004CFA22 /* Build configuration list for PBXNativeTarget "iBreathe" */ = {
			isa = XCConfigurationList;
			buildConfigurations = (
				83D5C2082E26818A004CFA22 /* Debug */,
				83D5C2092E26818A004CFA22 /* Release */,
			);
			defaultConfigurationIsVisible = 0;
			defaultConfigurationName = Release;
		};
		83D5C20A2E26818A004CFA22 /* Build configuration list for PBXNativeTarget "iBreatheTests" */ = {
			isa = XCConfigurationList;
			buildConfigurations = (
				83D5C20B2E26818A004CFA22 /* Debug */,
				83D5C20C2E26818A004CFA22 /* Release */,
			);
			defaultConfigurationIsVisible = 0;
			defaultConfigurationName = Release;
		};
		83D5C20D2E26818A004CFA22 /* Build configuration list for PBXNativeTarget "iBreatheUITests" */ = {
			isa = XCConfigurationList;
			buildConfigurations = (
				83D5C20E2E26818A004CFA22 /* Debug */,
				83D5C20F2E26818A004CFA22 /* Release */,
			);
			defaultConfigurationIsVisible = 0;
			defaultConfigurationName = Release;
		};
		83D5C2102E26818A004CFA22 /* Build configuration list for PBXNativeTarget "iBreathe Watch AppTests" */ = {
			isa = XCConfigurationList;
			buildConfigurations = (
				83D5C2112E26818A004CFA22 /* Debug */,
				83D5C2122E26818A004CFA22 /* Release */,
			);
			defaultConfigurationIsVisible = 0;
			defaultConfigurationName = Release;
		};
		83D5C2132E26818A004CFA22 /* Build configuration list for PBXNativeTarget "iBreathe Watch AppUITests" */ = {
			isa = XCConfigurationList;
			buildConfigurations = (
				83D5C2142E26818A004CFA22 /* Debug */,
				83D5C2152E26818A004CFA22 /* Release */,
			);
			defaultConfigurationIsVisible = 0;
			defaultConfigurationName = Release;
		};
/* End XCConfigurationList section */
	};
	rootObject = 83D5C1B52E268187004CFA22 /* Project object */;
}
